
Microsoft Visual Studio Solution File, Format Version 12.00
# Visual Studio Version 17
VisualStudioVersion = 17.8.34408.163
MinimumVisualStudioVersion = 10.0.40219.1
Project("{FAE04EC0-301F-11D3-BF4B-00C04F79EFBC}") = "NUnit demonstration", "NUnit demonstration\NUnit demonstration.csproj", "{8EDEB217-FC5B-40E9-B8FE-21E31A2A0E76}"
EndProject
Project("{FAE04EC0-301F-11D3-BF4B-00C04F79EFBC}") = "Test class", "Test class\Test class.csproj", "{81B30A87-23FA-4A7E-AEF8-6B1E7C0FFE0E}"
EndProject
Global
	GlobalSection(SolutionConfigurationPlatforms) = preSolution
		Debug|Any CPU = Debug|Any CPU
		Release|Any CPU = Release|Any CPU
	EndGlobalSection
	GlobalSection(ProjectConfigurationPlatforms) = postSolution
		{8EDEB217-FC5B-40E9-B8FE-21E31A2A0E76}.Debug|Any CPU.ActiveCfg = Debug|Any CPU
		{8EDEB217-FC5B-40E9-B8FE-21E31A2A0E76}.Debug|Any CPU.Build.0 = Debug|Any CPU
		{8EDEB217-FC5B-40E9-B8FE-21E31A2A0E76}.Release|Any CPU.ActiveCfg = Release|Any CPU
		{8EDEB217-FC5B-40E9-B8FE-21E31A2A0E76}.Release|Any CPU.Build.0 = Release|Any CPU
		{81B30A87-23FA-4A7E-AEF8-6B1E7C0FFE0E}.Debug|Any CPU.ActiveCfg = Debug|Any CPU
		{81B30A87-23FA-4A7E-AEF8-6B1E7C0FFE0E}.Debug|Any CPU.Build.0 = Debug|Any CPU
		{81B30A87-23FA-4A7E-AEF8-6B1E7C0FFE0E}.Release|Any CPU.ActiveCfg = Release|Any CPU
		{81B30A87-23FA-4A7E-AEF8-6B1E7C0FFE0E}.Release|Any CPU.Build.0 = Release|Any CPU
	EndGlobalSection
	GlobalSection(SolutionProperties) = preSolution
		HideSolutionNode = FALSE
	EndGlobalSection
	GlobalSection(ExtensibilityGlobals) = postSolution
		SolutionGuid = {C7CB3556-C82D-4C72-BD47-D805FBCBE90F}
	EndGlobalSection
EndGlobal
